// !$*UTF8*$!
{
	archiveVersion = 1;
	classes = {
	};
	objectVersion = 55;
	objects = {

/* Begin PBXBuildFile section */
		DA1A51E828C9790600C83721 /* SMJobBlessDemoApp.swift in Sources */ = {isa = PBXBuildFile; fileRef = DA1A51E728C9790600C83721 /* SMJobBlessDemoApp.swift */; };
		DA1A51EA28C9790600C83721 /* ContentView.swift in Sources */ = {isa = PBXBuildFile; fileRef = DA1A51E928C9790600C83721 /* ContentView.swift */; };
		DA1A51EC28C9790600C83721 /* Assets.xcassets in Resources */ = {isa = PBXBuildFile; fileRef = DA1A51EB28C9790600C83721 /* Assets.xcassets */; };
		DA1A51EF28C9790600C83721 /* Preview Assets.xcassets in Resources */ = {isa = PBXBuildFile; fileRef = DA1A51EE28C9790600C83721 /* Preview Assets.xcassets */; };
		DA1A51FD28C979F000C83721 /* main.swift in Sources */ = {isa = PBXBuildFile; fileRef = DA1A51FC28C979F000C83721 /* main.swift */; };
		DA1A520428C97A1000C83721 /* com.ikeh1024.SMJobBlessDemo.installer in CopyFiles */ = {isa = PBXBuildFile; fileRef = DA1A51FA28C979F000C83721 /* com.ikeh1024.SMJobBlessDemo.installer */; settings = {ATTRIBUTES = (CodeSignOnCopy, ); }; };
		DA1A520928C97B7000C83721 /* XPCClient.swift in Sources */ = {isa = PBXBuildFile; fileRef = DA1A520828C97B7000C83721 /* XPCClient.swift */; };
		DA1A520B28C97B7B00C83721 /* Util.swift in Sources */ = {isa = PBXBuildFile; fileRef = DA1A520A28C97B7B00C83721 /* Util.swift */; };
		DA1A520E28C97B9300C83721 /* Constants.swift in Sources */ = {isa = PBXBuildFile; fileRef = DA1A520D28C97B9300C83721 /* Constants.swift */; };
		DA1A521028C97BAC00C83721 /* Protocols.swift in Sources */ = {isa = PBXBuildFile; fileRef = DA1A520F28C97BAC00C83721 /* Protocols.swift */; };
		DA1A521228C97BBD00C83721 /* XPCServer.swift in Sources */ = {isa = PBXBuildFile; fileRef = DA1A521128C97BBD00C83721 /* XPCServer.swift */; };
		DA1A521428C97BD700C83721 /* InstallerImpl.swift in Sources */ = {isa = PBXBuildFile; fileRef = DA1A521328C97BD700C83721 /* InstallerImpl.swift */; };
		DA1AA76E28C9902E00497C29 /* CommonFunction.swift in Sources */ = {isa = PBXBuildFile; fileRef = DA1AA76D28C9902E00497C29 /* CommonFunction.swift */; };
		DA1AA76F28C9902E00497C29 /* CommonFunction.swift in Sources */ = {isa = PBXBuildFile; fileRef = DA1AA76D28C9902E00497C29 /* CommonFunction.swift */; };
		DAD96F6128C97D09002DC29A /* Constants.swift in Sources */ = {isa = PBXBuildFile; fileRef = DA1A520D28C97B9300C83721 /* Constants.swift */; };
		DAD96F6228C97D09002DC29A /* Protocols.swift in Sources */ = {isa = PBXBuildFile; fileRef = DA1A520F28C97BAC00C83721 /* Protocols.swift */; };
/* End PBXBuildFile section */

/* Begin PBXContainerItemProxy section */
		DA1A520128C97A0200C83721 /* PBXContainerItemProxy */ = {
			isa = PBXContainerItemProxy;
			containerPortal = DA1A51DC28C9790500C83721 /* Project object */;
			proxyType = 1;
			remoteGlobalIDString = DA1A51F928C979F000C83721;
			remoteInfo = com.ikeh1024.SMJobBlessDemo.installer;
		};
/* End PBXContainerItemProxy section */

/* Begin PBXCopyFilesBuildPhase section */
		DA1A51F828C979F000C83721 /* CopyFiles */ = {
			isa = PBXCopyFilesBuildPhase;
			buildActionMask = 2147483647;
			dstPath = /usr/share/man/man1/;
			dstSubfolderSpec = 0;
			files = (
			);
			runOnlyForDeploymentPostprocessing = 1;
		};
		DA1A520328C97A0500C83721 /* CopyFiles */ = {
			isa = PBXCopyFilesBuildPhase;
			buildActionMask = 2147483647;
			dstPath = Contents/Library/LaunchServices;
			dstSubfolderSpec = 1;
			files = (
				DA1A520428C97A1000C83721 /* com.ikeh1024.SMJobBlessDemo.installer in CopyFiles */,
			);
			runOnlyForDeploymentPostprocessing = 0;
		};
/* End PBXCopyFilesBuildPhase section */

/* Begin PBXFileReference section */
		DA1A51E428C9790500C83721 /* SMJobBlessDemo.app */ = {isa = PBXFileReference; explicitFileType = wrapper.application; includeInIndex = 0; path = SMJobBlessDemo.app; sourceTree = BUILT_PRODUCTS_DIR; };
		DA1A51E728C9790600C83721 /* SMJobBlessDemoApp.swift */ = {isa = PBXFileReference; lastKnownFileType = sourcecode.swift; path = SMJobBlessDemoApp.swift; sourceTree = "<group>"; };
		DA1A51E928C9790600C83721 /* ContentView.swift */ = {isa = PBXFileReference; lastKnownFileType = sourcecode.swift; path = ContentView.swift; sourceTree = "<group>"; };
		DA1A51EB28C9790600C83721 /* Assets.xcassets */ = {isa = PBXFileReference; lastKnownFileType = folder.assetcatalog; path = Assets.xcassets; sourceTree = "<group>"; };
		DA1A51EE28C9790600C83721 /* Preview Assets.xcassets */ = {isa = PBXFileReference; lastKnownFileType = folder.assetcatalog; path = "Preview Assets.xcassets"; sourceTree = "<group>"; };
		DA1A51F028C9790600C83721 /* SMJobBlessDemo.entitlements */ = {isa = PBXFileReference; lastKnownFileType = text.plist.entitlements; path = SMJobBlessDemo.entitlements; sourceTree = "<group>"; };
		DA1A51FA28C979F000C83721 /* com.ikeh1024.SMJobBlessDemo.installer */ = {isa = PBXFileReference; explicitFileType = "compiled.mach-o.executable"; includeInIndex = 0; path = com.ikeh1024.SMJobBlessDemo.installer; sourceTree = BUILT_PRODUCTS_DIR; };
		DA1A51FC28C979F000C83721 /* main.swift */ = {isa = PBXFileReference; lastKnownFileType = sourcecode.swift; path = main.swift; sourceTree = "<group>"; };
		DA1A520528C97A1E00C83721 /* Info.plist */ = {isa = PBXFileReference; lastKnownFileType = text.plist; path = Info.plist; sourceTree = "<group>"; };
		DA1A520628C97A5600C83721 /* launchd.plist */ = {isa = PBXFileReference; lastKnownFileType = text.plist.xml; path = launchd.plist; sourceTree = "<group>"; };
		DA1A520728C97A5D00C83721 /* Info.plist */ = {isa = PBXFileReference; lastKnownFileType = text.plist.xml; path = Info.plist; sourceTree = "<group>"; };
		DA1A520828C97B7000C83721 /* XPCClient.swift */ = {isa = PBXFileReference; lastKnownFileType = sourcecode.swift; path = XPCClient.swift; sourceTree = "<group>"; };
		DA1A520A28C97B7B00C83721 /* Util.swift */ = {isa = PBXFileReference; lastKnownFileType = sourcecode.swift; path = Util.swift; sourceTree = "<group>"; };
		DA1A520D28C97B9300C83721 /* Constants.swift */ = {isa = PBXFileReference; lastKnownFileType = sourcecode.swift; path = Constants.swift; sourceTree = "<group>"; };
		DA1A520F28C97BAC00C83721 /* Protocols.swift */ = {isa = PBXFileReference; lastKnownFileType = sourcecode.swift; path = Protocols.swift; sourceTree = "<group>"; };
		DA1A521128C97BBD00C83721 /* XPCServer.swift */ = {isa = PBXFileReference; lastKnownFileType = sourcecode.swift; path = XPCServer.swift; sourceTree = "<group>"; };
		DA1A521328C97BD700C83721 /* InstallerImpl.swift */ = {isa = PBXFileReference; lastKnownFileType = sourcecode.swift; path = InstallerImpl.swift; sourceTree = "<group>"; };
		DA1A521528C97BF300C83721 /* NSXPCConnection+AuditToken.h */ = {isa = PBXFileReference; lastKnownFileType = sourcecode.c.h; path = "NSXPCConnection+AuditToken.h"; sourceTree = "<group>"; };
		DA1A521728C97C3300C83721 /* com.ikeh1024.SMJobBlessDemo.installer-Bridging-Header.h */ = {isa = PBXFileReference; lastKnownFileType = sourcecode.c.h; path = "com.ikeh1024.SMJobBlessDemo.installer-Bridging-Header.h"; sourceTree = "<group>"; };
		DA1AA76D28C9902E00497C29 /* CommonFunction.swift */ = {isa = PBXFileReference; lastKnownFileType = sourcecode.swift; path = CommonFunction.swift; sourceTree = "<group>"; };
		DAD96F6428C97DBF002DC29A /* SMJobBlessUtil.py */ = {isa = PBXFileReference; lastKnownFileType = text.script.python; path = SMJobBlessUtil.py; sourceTree = "<group>"; };
		DAD96F6528C97DBF002DC29A /* uninstall_privileged_helper.sh */ = {isa = PBXFileReference; lastKnownFileType = text.script.sh; path = uninstall_privileged_helper.sh; sourceTree = "<group>"; };
		DAD96F6628C97DBF002DC29A /* .python-version */ = {isa = PBXFileReference; lastKnownFileType = text; path = ".python-version"; sourceTree = "<group>"; };
/* End PBXFileReference section */

/* Begin PBXFrameworksBuildPhase section */
		DA1A51E128C9790500C83721 /* Frameworks */ = {
			isa = PBXFrameworksBuildPhase;
			buildActionMask = 2147483647;
			files = (
			);
			runOnlyForDeploymentPostprocessing = 0;
		};
		DA1A51F728C979F000C83721 /* Frameworks */ = {
			isa = PBXFrameworksBuildPhase;
			buildActionMask = 2147483647;
			files = (
			);
			runOnlyForDeploymentPostprocessing = 0;
		};
/* End PBXFrameworksBuildPhase section */

/* Begin PBXGroup section */
		DA1A51DB28C9790500C83721 = {
			isa = PBXGroup;
			children = (
				DAD96F6328C97DBF002DC29A /* HandyScripts */,
				DA1A520C28C97B8B00C83721 /* Common */,
				DA1A51E628C9790500C83721 /* SMJobBlessDemo */,
				DA1A51FB28C979F000C83721 /* com.ikeh1024.SMJobBlessDemo.installer */,
				DA1A51E528C9790500C83721 /* Products */,
			);
			sourceTree = "<group>";
		};
		DA1A51E528C9790500C83721 /* Products */ = {
			isa = PBXGroup;
			children = (
				DA1A51E428C9790500C83721 /* SMJobBlessDemo.app */,
				DA1A51FA28C979F000C83721 /* com.ikeh1024.SMJobBlessDemo.installer */,
			);
			name = Products;
			sourceTree = "<group>";
		};
		DA1A51E628C9790500C83721 /* SMJobBlessDemo */ = {
			isa = PBXGroup;
			children = (
				DA1A520528C97A1E00C83721 /* Info.plist */,
				DA1A51E728C9790600C83721 /* SMJobBlessDemoApp.swift */,
				DA1A51E928C9790600C83721 /* ContentView.swift */,
				DA1A51EB28C9790600C83721 /* Assets.xcassets */,
				DA1A51F028C9790600C83721 /* SMJobBlessDemo.entitlements */,
				DA1A520828C97B7000C83721 /* XPCClient.swift */,
				DA1A520A28C97B7B00C83721 /* Util.swift */,
				DA1A51ED28C9790600C83721 /* Preview Content */,
			);
			path = SMJobBlessDemo;
			sourceTree = "<group>";
		};
		DA1A51ED28C9790600C83721 /* Preview Content */ = {
			isa = PBXGroup;
			children = (
				DA1A51EE28C9790600C83721 /* Preview Assets.xcassets */,
			);
			path = "Preview Content";
			sourceTree = "<group>";
		};
		DA1A51FB28C979F000C83721 /* com.ikeh1024.SMJobBlessDemo.installer */ = {
			isa = PBXGroup;
			children = (
				DA1A51FC28C979F000C83721 /* main.swift */,
				DA1A520628C97A5600C83721 /* launchd.plist */,
				DA1A520728C97A5D00C83721 /* Info.plist */,
				DA1A521128C97BBD00C83721 /* XPCServer.swift */,
				DA1A521328C97BD700C83721 /* InstallerImpl.swift */,
				DA1A521528C97BF300C83721 /* NSXPCConnection+AuditToken.h */,
				DA1A521728C97C3300C83721 /* com.ikeh1024.SMJobBlessDemo.installer-Bridging-Header.h */,
			);
			path = com.ikeh1024.SMJobBlessDemo.installer;
			sourceTree = "<group>";
		};
		DA1A520C28C97B8B00C83721 /* Common */ = {
			isa = PBXGroup;
			children = (
				DA1A520D28C97B9300C83721 /* Constants.swift */,
				DA1A520F28C97BAC00C83721 /* Protocols.swift */,
				DA1AA76D28C9902E00497C29 /* CommonFunction.swift */,
			);
			path = Common;
			sourceTree = "<group>";
		};
		DAD96F6328C97DBF002DC29A /* HandyScripts */ = {
			isa = PBXGroup;
			children = (
				DAD96F6428C97DBF002DC29A /* SMJobBlessUtil.py */,
				DAD96F6528C97DBF002DC29A /* uninstall_privileged_helper.sh */,
				DAD96F6628C97DBF002DC29A /* .python-version */,
			);
			path = HandyScripts;
			sourceTree = "<group>";
		};
/* End PBXGroup section */

/* Begin PBXNativeTarget section */
		DA1A51E328C9790500C83721 /* SMJobBlessDemo */ = {
			isa = PBXNativeTarget;
			buildConfigurationList = DA1A51F328C9790600C83721 /* Build configuration list for PBXNativeTarget "SMJobBlessDemo" */;
			buildPhases = (
				DA1A51E028C9790500C83721 /* Sources */,
				DA1A51E128C9790500C83721 /* Frameworks */,
				DA1A51E228C9790500C83721 /* Resources */,
				DA1A520328C97A0500C83721 /* CopyFiles */,
			);
			buildRules = (
			);
			dependencies = (
				DA1A520228C97A0200C83721 /* PBXTargetDependency */,
			);
			name = SMJobBlessDemo;
			productName = SMJobBlessDemo;
			productReference = DA1A51E428C9790500C83721 /* SMJobBlessDemo.app */;
			productType = "com.apple.product-type.application";
		};
		DA1A51F928C979F000C83721 /* com.ikeh1024.SMJobBlessDemo.installer */ = {
			isa = PBXNativeTarget;
			buildConfigurationList = DA1A51FE28C979F000C83721 /* Build configuration list for PBXNativeTarget "com.ikeh1024.SMJobBlessDemo.installer" */;
			buildPhases = (
				DA1A51F628C979F000C83721 /* Sources */,
				DA1A51F728C979F000C83721 /* Frameworks */,
				DA1A51F828C979F000C83721 /* CopyFiles */,
			);
			buildRules = (
			);
			dependencies = (
			);
			name = com.ikeh1024.SMJobBlessDemo.installer;
			productName = com.ikeh1024.SMJobBlessDemo.installer;
			productReference = DA1A51FA28C979F000C83721 /* com.ikeh1024.SMJobBlessDemo.installer */;
			productType = "com.apple.product-type.tool";
		};
/* End PBXNativeTarget section */

/* Begin PBXProject section */
		DA1A51DC28C9790500C83721 /* Project object */ = {
			isa = PBXProject;
			attributes = {
				BuildIndependentTargetsInParallel = 1;
				LastSwiftUpdateCheck = 1340;
				LastUpgradeCheck = 1340;
				TargetAttributes = {
					DA1A51E328C9790500C83721 = {
						CreatedOnToolsVersion = 13.4.1;
					};
					DA1A51F928C979F000C83721 = {
						CreatedOnToolsVersion = 13.4.1;
					};
				};
			};
			buildConfigurationList = DA1A51DF28C9790500C83721 /* Build configuration list for PBXProject "SMJobBlessDemo" */;
			compatibilityVersion = "Xcode 13.0";
			developmentRegion = en;
			hasScannedForEncodings = 0;
			knownRegions = (
				en,
				Base,
			);
			mainGroup = DA1A51DB28C9790500C83721;
			productRefGroup = DA1A51E528C9790500C83721 /* Products */;
			projectDirPath = "";
			projectRoot = "";
			targets = (
				DA1A51E328C9790500C83721 /* SMJobBlessDemo */,
				DA1A51F928C979F000C83721 /* com.ikeh1024.SMJobBlessDemo.installer */,
			);
		};
/* End PBXProject section */

/* Begin PBXResourcesBuildPhase section */
		DA1A51E228C9790500C83721 /* Resources */ = {
			isa = PBXResourcesBuildPhase;
			buildActionMask = 2147483647;
			files = (
				DA1A51EF28C9790600C83721 /* Preview Assets.xcassets in Resources */,
				DA1A51EC28C9790600C83721 /* Assets.xcassets in Resources */,
			);
			runOnlyForDeploymentPostprocessing = 0;
		};
/* End PBXResourcesBuildPhase section */

/* Begin PBXSourcesBuildPhase section */
		DA1A51E028C9790500C83721 /* Sources */ = {
			isa = PBXSourcesBuildPhase;
			buildActionMask = 2147483647;
			files = (
				DA1A520E28C97B9300C83721 /* Constants.swift in Sources */,
				DA1AA76E28C9902E00497C29 /* CommonFunction.swift in Sources */,
				DA1A520928C97B7000C83721 /* XPCClient.swift in Sources */,
				DA1A51EA28C9790600C83721 /* ContentView.swift in Sources */,
				DA1A521028C97BAC00C83721 /* Protocols.swift in Sources */,
				DA1A51E828C9790600C83721 /* SMJobBlessDemoApp.swift in Sources */,
				DA1A520B28C97B7B00C83721 /* Util.swift in Sources */,
			);
			runOnlyForDeploymentPostprocessing = 0;
		};
		DA1A51F628C979F000C83721 /* Sources */ = {
			isa = PBXSourcesBuildPhase;
			buildActionMask = 2147483647;
			files = (
				DAD96F6128C97D09002DC29A /* Constants.swift in Sources */,
				DAD96F6228C97D09002DC29A /* Protocols.swift in Sources */,
				DA1A521428C97BD700C83721 /* InstallerImpl.swift in Sources */,
				DA1A521228C97BBD00C83721 /* XPCServer.swift in Sources */,
				DA1AA76F28C9902E00497C29 /* CommonFunction.swift in Sources */,
				DA1A51FD28C979F000C83721 /* main.swift in Sources */,
			);
			runOnlyForDeploymentPostprocessing = 0;
		};
/* End PBXSourcesBuildPhase section */

/* Begin PBXTargetDependency section */
		DA1A520228C97A0200C83721 /* PBXTargetDependency */ = {
			isa = PBXTargetDependency;
			target = DA1A51F928C979F000C83721 /* com.ikeh1024.SMJobBlessDemo.installer */;
			targetProxy = DA1A520128C97A0200C83721 /* PBXContainerItemProxy */;
		};
/* End PBXTargetDependency section */

/* Begin XCBuildConfiguration section */
		DA1A51F128C9790600C83721 /* Debug */ = {
			isa = XCBuildConfiguration;
			buildSettings = {
				ALWAYS_SEARCH_USER_PATHS = NO;
				CLANG_ANALYZER_NONNULL = YES;
				CLANG_ANALYZER_NUMBER_OBJECT_CONVERSION = YES_AGGRESSIVE;
				CLANG_CXX_LANGUAGE_STANDARD = "gnu++17";
				CLANG_ENABLE_MODULES = YES;
				CLANG_ENABLE_OBJC_ARC = YES;
				CLANG_ENABLE_OBJC_WEAK = YES;
				CLANG_WARN_BLOCK_CAPTURE_AUTORELEASING = YES;
				CLANG_WARN_BOOL_CONVERSION = YES;
				CLANG_WARN_COMMA = YES;
				CLANG_WARN_CONSTANT_CONVERSION = YES;
				CLANG_WARN_DEPRECATED_OBJC_IMPLEMENTATIONS = YES;
				CLANG_WARN_DIRECT_OBJC_ISA_USAGE = YES_ERROR;
				CLANG_WARN_DOCUMENTATION_COMMENTS = YES;
				CLANG_WARN_EMPTY_BODY = YES;
				CLANG_WARN_ENUM_CONVERSION = YES;
				CLANG_WARN_INFINITE_RECURSION = YES;
				CLANG_WARN_INT_CONVERSION = YES;
				CLANG_WARN_NON_LITERAL_NULL_CONVERSION = YES;
				CLANG_WARN_OBJC_IMPLICIT_RETAIN_SELF = YES;
				CLANG_WARN_OBJC_LITERAL_CONVERSION = YES;
				CLANG_WARN_OBJC_ROOT_CLASS = YES_ERROR;
				CLANG_WARN_QUOTED_INCLUDE_IN_FRAMEWORK_HEADER = YES;
				CLANG_WARN_RANGE_LOOP_ANALYSIS = YES;
				CLANG_WARN_STRICT_PROTOTYPES = YES;
				CLANG_WARN_SUSPICIOUS_MOVE = YES;
				CLANG_WARN_UNGUARDED_AVAILABILITY = YES_AGGRESSIVE;
				CLANG_WARN_UNREACHABLE_CODE = YES;
				CLANG_WARN__DUPLICATE_METHOD_MATCH = YES;
				COPY_PHASE_STRIP = NO;
				DEBUG_INFORMATION_FORMAT = dwarf;
				ENABLE_STRICT_OBJC_MSGSEND = YES;
				ENABLE_TESTABILITY = YES;
				GCC_C_LANGUAGE_STANDARD = gnu11;
				GCC_DYNAMIC_NO_PIC = NO;
				GCC_NO_COMMON_BLOCKS = YES;
				GCC_OPTIMIZATION_LEVEL = 0;
				GCC_PREPROCESSOR_DEFINITIONS = (
					"DEBUG=1",
					"$(inherited)",
				);
				GCC_WARN_64_TO_32_BIT_CONVERSION = YES;
				GCC_WARN_ABOUT_RETURN_TYPE = YES_ERROR;
				GCC_WARN_UNDECLARED_SELECTOR = YES;
				GCC_WARN_UNINITIALIZED_AUTOS = YES_AGGRESSIVE;
				GCC_WARN_UNUSED_FUNCTION = YES;
				GCC_WARN_UNUSED_VARIABLE = YES;
				MACOSX_DEPLOYMENT_TARGET = 12.0;
				MTL_ENABLE_DEBUG_INFO = INCLUDE_SOURCE;
				MTL_FAST_MATH = YES;
				ONLY_ACTIVE_ARCH = YES;
				SDKROOT = macosx;
				SWIFT_ACTIVE_COMPILATION_CONDITIONS = DEBUG;
				SWIFT_OPTIMIZATION_LEVEL = "-Onone";
			};
			name = Debug;
		};
		DA1A51F228C9790600C83721 /* Release */ = {
			isa = XCBuildConfiguration;
			buildSettings = {
				ALWAYS_SEARCH_USER_PATHS = NO;
				CLANG_ANALYZER_NONNULL = YES;
				CLANG_ANALYZER_NUMBER_OBJECT_CONVERSION = YES_AGGRESSIVE;
				CLANG_CXX_LANGUAGE_STANDARD = "gnu++17";
				CLANG_ENABLE_MODULES = YES;
				CLANG_ENABLE_OBJC_ARC = YES;
				CLANG_ENABLE_OBJC_WEAK = YES;
				CLANG_WARN_BLOCK_CAPTURE_AUTORELEASING = YES;
				CLANG_WARN_BOOL_CONVERSION = YES;
				CLANG_WARN_COMMA = YES;
				CLANG_WARN_CONSTANT_CONVERSION = YES;
				CLANG_WARN_DEPRECATED_OBJC_IMPLEMENTATIONS = YES;
				CLANG_WARN_DIRECT_OBJC_ISA_USAGE = YES_ERROR;
				CLANG_WARN_DOCUMENTATION_COMMENTS = YES;
				CLANG_WARN_EMPTY_BODY = YES;
				CLANG_WARN_ENUM_CONVERSION = YES;
				CLANG_WARN_INFINITE_RECURSION = YES;
				CLANG_WARN_INT_CONVERSION = YES;
				CLANG_WARN_NON_LITERAL_NULL_CONVERSION = YES;
				CLANG_WARN_OBJC_IMPLICIT_RETAIN_SELF = YES;
				CLANG_WARN_OBJC_LITERAL_CONVERSION = YES;
				CLANG_WARN_OBJC_ROOT_CLASS = YES_ERROR;
				CLANG_WARN_QUOTED_INCLUDE_IN_FRAMEWORK_HEADER = YES;
				CLANG_WARN_RANGE_LOOP_ANALYSIS = YES;
				CLANG_WARN_STRICT_PROTOTYPES = YES;
				CLANG_WARN_SUSPICIOUS_MOVE = YES;
				CLANG_WARN_UNGUARDED_AVAILABILITY = YES_AGGRESSIVE;
				CLANG_WARN_UNREACHABLE_CODE = YES;
				CLANG_WARN__DUPLICATE_METHOD_MATCH = YES;
				COPY_PHASE_STRIP = NO;
				DEBUG_INFORMATION_FORMAT = "dwarf-with-dsym";
				ENABLE_NS_ASSERTIONS = NO;
				ENABLE_STRICT_OBJC_MSGSEND = YES;
				GCC_C_LANGUAGE_STANDARD = gnu11;
				GCC_NO_COMMON_BLOCKS = YES;
				GCC_WARN_64_TO_32_BIT_CONVERSION = YES;
				GCC_WARN_ABOUT_RETURN_TYPE = YES_ERROR;
				GCC_WARN_UNDECLARED_SELECTOR = YES;
				GCC_WARN_UNINITIALIZED_AUTOS = YES_AGGRESSIVE;
				GCC_WARN_UNUSED_FUNCTION = YES;
				GCC_WARN_UNUSED_VARIABLE = YES;
				MACOSX_DEPLOYMENT_TARGET = 12.0;
				MTL_ENABLE_DEBUG_INFO = NO;
				MTL_FAST_MATH = YES;
				SDKROOT = macosx;
				SWIFT_COMPILATION_MODE = wholemodule;
				SWIFT_OPTIMIZATION_LEVEL = "-O";
			};
			name = Release;
		};
		DA1A51F428C9790600C83721 /* Debug */ = {
			isa = XCBuildConfiguration;
			buildSettings = {
				ASSETCATALOG_COMPILER_APPICON_NAME = AppIcon;
				ASSETCATALOG_COMPILER_GLOBAL_ACCENT_COLOR_NAME = AccentColor;
				CODE_SIGN_ENTITLEMENTS = SMJobBlessDemo/SMJobBlessDemo.entitlements;
				CODE_SIGN_STYLE = Automatic;
				COMBINE_HIDPI_IMAGES = YES;
				CURRENT_PROJECT_VERSION = 1;
				DEVELOPMENT_ASSET_PATHS = "\"SMJobBlessDemo/Preview Content\"";
				DEVELOPMENT_TEAM = BWMJMJK727;
				ENABLE_HARDENED_RUNTIME = YES;
				ENABLE_PREVIEWS = YES;
				GENERATE_INFOPLIST_FILE = YES;
				INFOPLIST_FILE = SMJobBlessDemo/Info.plist;
				INFOPLIST_KEY_NSHumanReadableCopyright = "";
				LD_RUNPATH_SEARCH_PATHS = (
					"$(inherited)",
					"@executable_path/../Frameworks",
				);
				MARKETING_VERSION = 1.0;
				PRODUCT_BUNDLE_IDENTIFIER = com.ikeh1024.SMJobBlessDemo.uiapplication;
				PRODUCT_NAME = "$(TARGET_NAME)";
				SWIFT_EMIT_LOC_STRINGS = YES;
				SWIFT_VERSION = 5.0;
			};
			name = Debug;
		};
		DA1A51F528C9790600C83721 /* Release */ = {
			isa = XCBuildConfiguration;
			buildSettings = {
				ASSETCATALOG_COMPILER_APPICON_NAME = AppIcon;
				ASSETCATALOG_COMPILER_GLOBAL_ACCENT_COLOR_NAME = AccentColor;
				CODE_SIGN_ENTITLEMENTS = SMJobBlessDemo/SMJobBlessDemo.entitlements;
				CODE_SIGN_STYLE = Automatic;
				COMBINE_HIDPI_IMAGES = YES;
				CURRENT_PROJECT_VERSION = 1;
				DEVELOPMENT_ASSET_PATHS = "\"SMJobBlessDemo/Preview Content\"";
				DEVELOPMENT_TEAM = BWMJMJK727;
				ENABLE_HARDENED_RUNTIME = YES;
				ENABLE_PREVIEWS = YES;
				GENERATE_INFOPLIST_FILE = YES;
				INFOPLIST_FILE = SMJobBlessDemo/Info.plist;
				INFOPLIST_KEY_NSHumanReadableCopyright = "";
				LD_RUNPATH_SEARCH_PATHS = (
					"$(inherited)",
					"@executable_path/../Frameworks",
				);
				MARKETING_VERSION = 1.0;
				PRODUCT_BUNDLE_IDENTIFIER = com.ikeh1024.SMJobBlessDemo.uiapplication;
				PRODUCT_NAME = "$(TARGET_NAME)";
				SWIFT_EMIT_LOC_STRINGS = YES;
				SWIFT_VERSION = 5.0;
			};
			name = Release;
		};
		DA1A51FF28C979F000C83721 /* Debug */ = {
			isa = XCBuildConfiguration;
			buildSettings = {
				CODE_SIGN_STYLE = Automatic;
				CREATE_INFOPLIST_SECTION_IN_BINARY = YES;
				DEVELOPMENT_TEAM = BWMJMJK727;
				ENABLE_HARDENED_RUNTIME = YES;
				INFOPLIST_FILE = "$(SRCROOT)/$(TARGET_NAME)/Info.plist";
				OTHER_LDFLAGS = (
					"-sectcreate",
					__TEXT,
					__launchd_plist,
					"$(SRCROOT)/${TARGET_NAME}/launchd.plist",
				);
				PRODUCT_BUNDLE_IDENTIFIER = "$(TARGET_NAME)";
				PRODUCT_NAME = "$(TARGET_NAME)";
				SWIFT_OBJC_BRIDGING_HEADER = "com.ikeh1024.SMJobBlessDemo.installer/com.ikeh1024.SMJobBlessDemo.installer-Bridging-Header.h";
				SWIFT_VERSION = 5.0;
			};
			name = Debug;
		};
		DA1A520028C979F000C83721 /* Release */ = {
			isa = XCBuildConfiguration;
			buildSettings = {
				CODE_SIGN_STYLE = Automatic;
				CREATE_INFOPLIST_SECTION_IN_BINARY = YES;
				DEVELOPMENT_TEAM = BWMJMJK727;
				ENABLE_HARDENED_RUNTIME = YES;
				INFOPLIST_FILE = "$(SRCROOT)/$(TARGET_NAME)/Info.plist";
				OTHER_LDFLAGS = (
					"-sectcreate",
					__TEXT,
					__launchd_plist,
					"$(SRCROOT)/${TARGET_NAME}/launchd.plist",
				);
				PRODUCT_BUNDLE_IDENTIFIER = "$(TARGET_NAME)";
				PRODUCT_NAME = "$(TARGET_NAME)";
				SWIFT_OBJC_BRIDGING_HEADER = "com.ikeh1024.SMJobBlessDemo.installer/com.ikeh1024.SMJobBlessDemo.installer-Bridging-Header.h";
				SWIFT_VERSION = 5.0;
			};
			name = Release;
		};
/* End XCBuildConfiguration section */

/* Begin XCConfigurationList section */
		DA1A51DF28C9790500C83721 /* Build configuration list for PBXProject "SMJobBlessDemo" */ = {
			isa = XCConfigurationList;
			buildConfigurations = (
				DA1A51F128C9790600C83721 /* Debug */,
				DA1A51F228C9790600C83721 /* Release */,
			);
			defaultConfigurationIsVisible = 0;
			defaultConfigurationName = Release;
		};
		DA1A51F328C9790600C83721 /* Build configuration list for PBXNativeTarget "SMJobBlessDemo" */ = {
			isa = XCConfigurationList;
			buildConfigurations = (
				DA1A51F428C9790600C83721 /* Debug */,
				DA1A51F528C9790600C83721 /* Release */,
			);
			defaultConfigurationIsVisible = 0;
			defaultConfigurationName = Release;
		};
		DA1A51FE28C979F000C83721 /* Build configuration list for PBXNativeTarget "com.ikeh1024.SMJobBlessDemo.installer" */ = {
			isa = XCConfigurationList;
			buildConfigurations = (
				DA1A51FF28C979F000C83721 /* Debug */,
				DA1A520028C979F000C83721 /* Release */,
			);
			defaultConfigurationIsVisible = 0;
			defaultConfigurationName = Release;
		};
/* End XCConfigurationList section */
	};
	rootObject = DA1A51DC28C9790500C83721 /* Project object */;
}
